<Solution>
  <Folder Name="/Benchmark/">
    <Project Path="BunnyTail.DependencyInjection.Benchmark/BunnyTail.DependencyInjection.Benchmark.csproj" />
  </Folder>
  <Folder Name="/Sandbox/">
    <Project Path="Sandbox/BunnyTail.DependencyInjection.Sandbox/BunnyTail.DependencyInjection.Sandbox.csproj" />
  </Folder>
  <Folder Name="/Example/">
    <Project Path="Example.Library/Example.Library.csproj" />
    <Project Path="Example.ThirdPartyLibrary/Example.ThirdPartyLibrary.csproj" />
    <Project Path="Example.WebApplication/Example.WebApplication.csproj" />
    <Project Path="Example/Example.csproj" />
  </Folder>
  <Folder Name="/Library/">
    <Project Path="BunnyTail.DependencyInjection.Generator/BunnyTail.DependencyInjection.Generator.csproj" />
    <Project Path="BunnyTail.DependencyInjection/BunnyTail.DependencyInjection.csproj" />
  </Folder>
  <Folder Name="/Solution Items/">
    <File Path=".editorconfig" />
    <File Path=".gitattributes" />
    <File Path=".gitignore" />
    <File Path="AGENTS.md" />
    <File Path="Analyzers.ruleset" />
    <File Path="BunnyTail.DependencyInjection.sln.DotSettings" />
    <File Path="BunnyTail.DependencyInjection.props" />
    <File Path="BunnyTail.DependencyInjection.targets" />
    <File Path="CLAUDE.md" />
    <File Path="CodeCoverage.runsettings" />
    <File Path="Diagnostics.md" />
    <File Path="Directory.Build.props" />
    <File Path="Directory.Build.targets" />
    <File Path="LICENSE" />
    <File Path="README.md" />
  </Folder>
  <Folder Name="/Tests/">
    <Project Path="BunnyTail.DependencyInjection.AotTests/BunnyTail.DependencyInjection.AotTests.csproj" />
    <Project Path="BunnyTail.DependencyInjection.CompatibilityTest/BunnyTail.DependencyInjection.CompatibilityTest.csproj" />
    <Project Path="BunnyTail.DependencyInjection.Tests/BunnyTail.DependencyInjection.Tests.csproj" />
  </Folder>
</Solution>
