<Solution>
  <Folder Name="/Benchmark/">
    <Project Path="BunnyTail.DependencyInjection.Benchmark/BunnyTail.DependencyInjection.Benchmark.csproj" />
  </Folder>
  <Folder Name="/Sandbox/">
    <Project Path="Sandbox/BunnyTail.DependencyInjection.Sandbox/BunnyTail.DependencyInjection.Sandbox.csproj" />
  </Folder>
  <Folder Name="/Library/">
    <Project Path="BunnyTail.DependencyInjection/BunnyTail.DependencyInjection.csproj" />
    <Project Path="BunnyTail.DependencyInjection.Generator/BunnyTail.DependencyInjection.Generator.csproj" />
  </Folder>
  <Folder Name="/Solution Items/">
    <File Path=".editorconfig" />
    <File Path=".gitattributes" />
    <File Path=".gitignore" />
    <File Path="AGENTS.md" />
    <File Path="Analyzers.ruleset" />
    <File Path="BunnyTail.DependencyInjection.props" />
    <File Path="BunnyTail.DependencyInjection.sln.DotSettings" />
    <File Path="CLAUDE.md" />
    <File Path="CodeCoverage.runsettings" />
    <File Path="Directory.Build.props" />
    <File Path="Directory.Build.targets" />
    <File Path="LICENSE" />
    <File Path="README.md" />
  </Folder>
  <Folder Name="/Tests/">
    <Project Path="BunnyTail.DependencyInjection.Tests/BunnyTail.DependencyInjection.Tests.csproj" />
    <Project Path="BunnyTail.DependencyInjection.CompatibilityTest/BunnyTail.DependencyInjection.CompatibilityTest.csproj" />
    <Project Path="BunnyTail.DependencyInjection.AotTests/BunnyTail.DependencyInjection.AotTests.csproj" />
  </Folder>
  <Project Path="Example.Library1/Example.Library1.csproj" />
  <Project Path="Example.Library2/Example.Library2.csproj" />
  <Project Path="Example/Example.csproj" DefaultStartup="true" />
  <Project Path="Example.WebApplication/Example.WebApplication.csproj" />
</Solution>
